
Microsoft Visual Studio Solution File, Format Version 12.00
# Visual Studio Version 17
VisualStudioVersion = 17.0.31903.59
MinimumVisualStudioVersion = 10.0.40219.1
Project("{9A19103F-16F7-4668-BE54-9A1E7A4F7556}") = "NormDev.MiniProfiler.AWS", "NormDev.MiniProfiler.AWS\NormDev.MiniProfiler.AWS.csproj", "{72DFB2F6-AB0E-4FC5-81CE-4F242A99143C}"
EndProject
Project("{9A19103F-16F7-4668-BE54-9A1E7A4F7556}") = "SampleWebApp", "SampleWebApp\SampleWebApp.csproj", "{2FE46816-D70E-42CE-AB73-25841109A203}"
EndProject
Project("{9A19103F-16F7-4668-BE54-9A1E7A4F7556}") = "NormDev.MiniProfiler.AWS.Tests", "NormDev.MiniProfiler.AWS.Tests\NormDev.MiniProfiler.AWS.Tests.csproj", "{4B2C3512-C384-49EA-A064-1D16F4751C70}"
EndProject
Global
	GlobalSection(SolutionConfigurationPlatforms) = preSolution
		Debug|Any CPU = Debug|Any CPU
		Release|Any CPU = Release|Any CPU
	EndGlobalSection
	GlobalSection(ProjectConfigurationPlatforms) = postSolution
		{72DFB2F6-AB0E-4FC5-81CE-4F242A99143C}.Debug|Any CPU.ActiveCfg = Debug|Any CPU
		{72DFB2F6-AB0E-4FC5-81CE-4F242A99143C}.Debug|Any CPU.Build.0 = Debug|Any CPU
		{72DFB2F6-AB0E-4FC5-81CE-4F242A99143C}.Release|Any CPU.ActiveCfg = Release|Any CPU
		{72DFB2F6-AB0E-4FC5-81CE-4F242A99143C}.Release|Any CPU.Build.0 = Release|Any CPU
		{2FE46816-D70E-42CE-AB73-25841109A203}.Debug|Any CPU.ActiveCfg = Debug|Any CPU
		{2FE46816-D70E-42CE-AB73-25841109A203}.Debug|Any CPU.Build.0 = Debug|Any CPU
		{2FE46816-D70E-42CE-AB73-25841109A203}.Release|Any CPU.ActiveCfg = Release|Any CPU
		{2FE46816-D70E-42CE-AB73-25841109A203}.Release|Any CPU.Build.0 = Release|Any CPU
		{4B2C3512-C384-49EA-A064-1D16F4751C70}.Debug|Any CPU.ActiveCfg = Debug|Any CPU
		{4B2C3512-C384-49EA-A064-1D16F4751C70}.Debug|Any CPU.Build.0 = Debug|Any CPU
		{4B2C3512-C384-49EA-A064-1D16F4751C70}.Release|Any CPU.ActiveCfg = Release|Any CPU
		{4B2C3512-C384-49EA-A064-1D16F4751C70}.Release|Any CPU.Build.0 = Release|Any CPU
	EndGlobalSection
	GlobalSection(SolutionProperties) = preSolution
		HideSolutionNode = FALSE
	EndGlobalSection
	GlobalSection(ExtensibilityGlobals) = postSolution
		SolutionGuid = {84F83321-2824-443C-8B73-E1725A8C5951}
	EndGlobalSection
EndGlobal
